
Microsoft Visual Studio Solution File, Format Version 12.00
# Visual Studio Version 17
VisualStudioVersion = 17.7.34018.315
MinimumVisualStudioVersion = 10.0.40219.1
Project("{9A19103F-16F7-4668-BE54-9A1E7A4F7556}") = "Day01", "Day01\Day01.csproj", "{E0C0433D-FB65-49C0-9030-71026DE9A578}"
EndProject
Project("{9A19103F-16F7-4668-BE54-9A1E7A4F7556}") = "Day02", "Day02\Day02.csproj", "{B682177C-00D4-458D-9987-DBD089259537}"
EndProject
Project("{9A19103F-16F7-4668-BE54-9A1E7A4F7556}") = "Day03", "Day03\Day03.csproj", "{B809CCC4-C868-4639-88CA-39D7D34E41E9}"
EndProject
Project("{9A19103F-16F7-4668-BE54-9A1E7A4F7556}") = "Day04", "Day04\Day04.csproj", "{5904FCA1-6C06-4B1A-891E-28885DCA917A}"
EndProject
Project("{9A19103F-16F7-4668-BE54-9A1E7A4F7556}") = "Day05", "Day05\Day05.csproj", "{DB589379-06F3-46C9-963F-29FEBFBC2B61}"
EndProject
Project("{9A19103F-16F7-4668-BE54-9A1E7A4F7556}") = "Day06", "Day06\Day06.csproj", "{074195FA-002E-45DA-964B-20BE7B0F7FB2}"
EndProject
Project("{9A19103F-16F7-4668-BE54-9A1E7A4F7556}") = "Day07", "Day07\Day07.csproj", "{F61646E0-1CBC-441E-8C21-D4F760A93272}"
EndProject
Project("{9A19103F-16F7-4668-BE54-9A1E7A4F7556}") = "Day08", "Day08\Day08.csproj", "{E13715B3-50ED-497C-A63A-97D945732D63}"
EndProject
Project("{9A19103F-16F7-4668-BE54-9A1E7A4F7556}") = "Day08Tests", "Day08Tests\Day08Tests.csproj", "{66F83F49-2846-4527-877F-0040A35E8469}"
EndProject
Project("{9A19103F-16F7-4668-BE54-9A1E7A4F7556}") = "Day09", "Day09\Day09.csproj", "{187ACFFB-718D-432F-8E82-212F747353E8}"
EndProject
Project("{9A19103F-16F7-4668-BE54-9A1E7A4F7556}") = "Day10", "Day10\Day10.csproj", "{3C5C074D-39F9-4559-A8DE-586341AC745A}"
EndProject
Project("{9A19103F-16F7-4668-BE54-9A1E7A4F7556}") = "Day11", "Day11\Day11.csproj", "{7F8B1D14-43DE-464C-82F7-63211D0B18D0}"
EndProject
Project("{9A19103F-16F7-4668-BE54-9A1E7A4F7556}") = "Day12", "Day12\Day12.csproj", "{D43D737F-09AE-42EA-B4B9-ED681749742C}"
EndProject
Project("{FAE04EC0-301F-11D3-BF4B-00C04F79EFBC}") = "Day13", "Day13\Day13.csproj", "{5AB59B78-1276-43B1-AD23-1078A71ADCFE}"
EndProject
Project("{FAE04EC0-301F-11D3-BF4B-00C04F79EFBC}") = "Day14", "Day14\Day14.csproj", "{B5FB2C17-F999-401D-8252-741350609FF5}"
EndProject
Project("{FAE04EC0-301F-11D3-BF4B-00C04F79EFBC}") = "Day15", "Day15\Day15.csproj", "{4462A2AC-08DD-456D-8D08-5089E2454CB1}"
EndProject
Project("{FAE04EC0-301F-11D3-BF4B-00C04F79EFBC}") = "Day16", "Day16\Day16.csproj", "{833A9E69-0937-4A07-8B51-8B397EA763E3}"
EndProject
Global
	GlobalSection(SolutionConfigurationPlatforms) = preSolution
		Debug|Any CPU = Debug|Any CPU
		Release|Any CPU = Release|Any CPU
	EndGlobalSection
	GlobalSection(ProjectConfigurationPlatforms) = postSolution
		{E0C0433D-FB65-49C0-9030-71026DE9A578}.Debug|Any CPU.ActiveCfg = Debug|Any CPU
		{E0C0433D-FB65-49C0-9030-71026DE9A578}.Debug|Any CPU.Build.0 = Debug|Any CPU
		{E0C0433D-FB65-49C0-9030-71026DE9A578}.Release|Any CPU.ActiveCfg = Release|Any CPU
		{E0C0433D-FB65-49C0-9030-71026DE9A578}.Release|Any CPU.Build.0 = Release|Any CPU
		{B682177C-00D4-458D-9987-DBD089259537}.Debug|Any CPU.ActiveCfg = Debug|Any CPU
		{B682177C-00D4-458D-9987-DBD089259537}.Debug|Any CPU.Build.0 = Debug|Any CPU
		{B682177C-00D4-458D-9987-DBD089259537}.Release|Any CPU.ActiveCfg = Release|Any CPU
		{B682177C-00D4-458D-9987-DBD089259537}.Release|Any CPU.Build.0 = Release|Any CPU
		{B809CCC4-C868-4639-88CA-39D7D34E41E9}.Debug|Any CPU.ActiveCfg = Debug|Any CPU
		{B809CCC4-C868-4639-88CA-39D7D34E41E9}.Debug|Any CPU.Build.0 = Debug|Any CPU
		{B809CCC4-C868-4639-88CA-39D7D34E41E9}.Release|Any CPU.ActiveCfg = Release|Any CPU
		{B809CCC4-C868-4639-88CA-39D7D34E41E9}.Release|Any CPU.Build.0 = Release|Any CPU
		{5904FCA1-6C06-4B1A-891E-28885DCA917A}.Debug|Any CPU.ActiveCfg = Debug|Any CPU
		{5904FCA1-6C06-4B1A-891E-28885DCA917A}.Debug|Any CPU.Build.0 = Debug|Any CPU
		{5904FCA1-6C06-4B1A-891E-28885DCA917A}.Release|Any CPU.ActiveCfg = Release|Any CPU
		{5904FCA1-6C06-4B1A-891E-28885DCA917A}.Release|Any CPU.Build.0 = Release|Any CPU
		{DB589379-06F3-46C9-963F-29FEBFBC2B61}.Debug|Any CPU.ActiveCfg = Debug|Any CPU
		{DB589379-06F3-46C9-963F-29FEBFBC2B61}.Debug|Any CPU.Build.0 = Debug|Any CPU
		{DB589379-06F3-46C9-963F-29FEBFBC2B61}.Release|Any CPU.ActiveCfg = Release|Any CPU
		{DB589379-06F3-46C9-963F-29FEBFBC2B61}.Release|Any CPU.Build.0 = Release|Any CPU
		{074195FA-002E-45DA-964B-20BE7B0F7FB2}.Debug|Any CPU.ActiveCfg = Debug|Any CPU
		{074195FA-002E-45DA-964B-20BE7B0F7FB2}.Debug|Any CPU.Build.0 = Debug|Any CPU
		{074195FA-002E-45DA-964B-20BE7B0F7FB2}.Release|Any CPU.ActiveCfg = Release|Any CPU
		{074195FA-002E-45DA-964B-20BE7B0F7FB2}.Release|Any CPU.Build.0 = Release|Any CPU
		{F61646E0-1CBC-441E-8C21-D4F760A93272}.Debug|Any CPU.ActiveCfg = Debug|Any CPU
		{F61646E0-1CBC-441E-8C21-D4F760A93272}.Debug|Any CPU.Build.0 = Debug|Any CPU
		{F61646E0-1CBC-441E-8C21-D4F760A93272}.Release|Any CPU.ActiveCfg = Release|Any CPU
		{F61646E0-1CBC-441E-8C21-D4F760A93272}.Release|Any CPU.Build.0 = Release|Any CPU
		{E13715B3-50ED-497C-A63A-97D945732D63}.Debug|Any CPU.ActiveCfg = Debug|Any CPU
		{E13715B3-50ED-497C-A63A-97D945732D63}.Debug|Any CPU.Build.0 = Debug|Any CPU
		{E13715B3-50ED-497C-A63A-97D945732D63}.Release|Any CPU.ActiveCfg = Release|Any CPU
		{E13715B3-50ED-497C-A63A-97D945732D63}.Release|Any CPU.Build.0 = Release|Any CPU
		{66F83F49-2846-4527-877F-0040A35E8469}.Debug|Any CPU.ActiveCfg = Debug|Any CPU
		{66F83F49-2846-4527-877F-0040A35E8469}.Debug|Any CPU.Build.0 = Debug|Any CPU
		{66F83F49-2846-4527-877F-0040A35E8469}.Release|Any CPU.ActiveCfg = Release|Any CPU
		{66F83F49-2846-4527-877F-0040A35E8469}.Release|Any CPU.Build.0 = Release|Any CPU
		{187ACFFB-718D-432F-8E82-212F747353E8}.Debug|Any CPU.ActiveCfg = Debug|Any CPU
		{187ACFFB-718D-432F-8E82-212F747353E8}.Debug|Any CPU.Build.0 = Debug|Any CPU
		{187ACFFB-718D-432F-8E82-212F747353E8}.Release|Any CPU.ActiveCfg = Release|Any CPU
		{187ACFFB-718D-432F-8E82-212F747353E8}.Release|Any CPU.Build.0 = Release|Any CPU
		{3C5C074D-39F9-4559-A8DE-586341AC745A}.Debug|Any CPU.ActiveCfg = Debug|Any CPU
		{3C5C074D-39F9-4559-A8DE-586341AC745A}.Debug|Any CPU.Build.0 = Debug|Any CPU
		{3C5C074D-39F9-4559-A8DE-586341AC745A}.Release|Any CPU.ActiveCfg = Release|Any CPU
		{3C5C074D-39F9-4559-A8DE-586341AC745A}.Release|Any CPU.Build.0 = Release|Any CPU
		{7F8B1D14-43DE-464C-82F7-63211D0B18D0}.Debug|Any CPU.ActiveCfg = Debug|Any CPU
		{7F8B1D14-43DE-464C-82F7-63211D0B18D0}.Debug|Any CPU.Build.0 = Debug|Any CPU
		{7F8B1D14-43DE-464C-82F7-63211D0B18D0}.Release|Any CPU.ActiveCfg = Release|Any CPU
		{7F8B1D14-43DE-464C-82F7-63211D0B18D0}.Release|Any CPU.Build.0 = Release|Any CPU
		{D43D737F-09AE-42EA-B4B9-ED681749742C}.Debug|Any CPU.ActiveCfg = Debug|Any CPU
		{D43D737F-09AE-42EA-B4B9-ED681749742C}.Debug|Any CPU.Build.0 = Debug|Any CPU
		{D43D737F-09AE-42EA-B4B9-ED681749742C}.Release|Any CPU.ActiveCfg = Release|Any CPU
		{D43D737F-09AE-42EA-B4B9-ED681749742C}.Release|Any CPU.Build.0 = Release|Any CPU
		{5AB59B78-1276-43B1-AD23-1078A71ADCFE}.Debug|Any CPU.ActiveCfg = Debug|Any CPU
		{5AB59B78-1276-43B1-AD23-1078A71ADCFE}.Debug|Any CPU.Build.0 = Debug|Any CPU
		{5AB59B78-1276-43B1-AD23-1078A71ADCFE}.Release|Any CPU.ActiveCfg = Release|Any CPU
		{5AB59B78-1276-43B1-AD23-1078A71ADCFE}.Release|Any CPU.Build.0 = Release|Any CPU
		{B5FB2C17-F999-401D-8252-741350609FF5}.Debug|Any CPU.ActiveCfg = Debug|Any CPU
		{B5FB2C17-F999-401D-8252-741350609FF5}.Debug|Any CPU.Build.0 = Debug|Any CPU
		{B5FB2C17-F999-401D-8252-741350609FF5}.Release|Any CPU.ActiveCfg = Release|Any CPU
		{B5FB2C17-F999-401D-8252-741350609FF5}.Release|Any CPU.Build.0 = Release|Any CPU
		{4462A2AC-08DD-456D-8D08-5089E2454CB1}.Debug|Any CPU.ActiveCfg = Debug|Any CPU
		{4462A2AC-08DD-456D-8D08-5089E2454CB1}.Debug|Any CPU.Build.0 = Debug|Any CPU
		{4462A2AC-08DD-456D-8D08-5089E2454CB1}.Release|Any CPU.ActiveCfg = Release|Any CPU
		{4462A2AC-08DD-456D-8D08-5089E2454CB1}.Release|Any CPU.Build.0 = Release|Any CPU
		{833A9E69-0937-4A07-8B51-8B397EA763E3}.Debug|Any CPU.ActiveCfg = Debug|Any CPU
		{833A9E69-0937-4A07-8B51-8B397EA763E3}.Debug|Any CPU.Build.0 = Debug|Any CPU
		{833A9E69-0937-4A07-8B51-8B397EA763E3}.Release|Any CPU.ActiveCfg = Release|Any CPU
		{833A9E69-0937-4A07-8B51-8B397EA763E3}.Release|Any CPU.Build.0 = Release|Any CPU
	EndGlobalSection
	GlobalSection(SolutionProperties) = preSolution
		HideSolutionNode = FALSE
	EndGlobalSection
	GlobalSection(ExtensibilityGlobals) = postSolution
		SolutionGuid = {384F7D37-427C-4C7E-9740-827F51BE4887}
	EndGlobalSection
EndGlobal
